# This is a Gradle generated file for dependency locking.
# Manual edits can break the build and are not advised.
# This file is expected to be part of source control.
com.dorongold.plugins:task-tree:4.0.1=classpath
com.dorongold.task-tree:com.dorongold.task-tree.gradle.plugin:4.0.1=classpath
com.fasterxml.jackson.core:jackson-annotations:2.12.7=classpath
com.fasterxml.jackson.core:jackson-core:2.12.7=classpath
com.fasterxml.jackson.core:jackson-databind:2.12.7.1=classpath
com.fasterxml.jackson.dataformat:jackson-dataformat-xml:2.12.7=classpath
com.fasterxml.jackson.module:jackson-module-jaxb-annotations:2.12.7=classpath
com.fasterxml.jackson.module:jackson-module-kotlin:2.12.7=classpath
com.fasterxml.jackson:jackson-bom:2.12.7=classpath
com.fasterxml.woodstox:woodstox-core:6.2.4=classpath
com.google.code.gson:gson:2.11.0=classpath
com.google.errorprone:error_prone_annotations:2.27.0=classpath
com.pinterest.ktlint:ktlint-cli-ruleset-core:0.50.0=classpath
com.pinterest.ktlint:ktlint-logger:0.50.0=classpath
com.pinterest.ktlint:ktlint-rule-engine-core:0.50.0=classpath
com.pinterest.ktlint:ktlint-ruleset-standard:0.50.0=classpath
de.aaschmid:gradle-cpd-plugin:3.5=classpath
io.github.microutils:kotlin-logging-jvm:3.0.5=classpath
io.gitlab.arturbosch.detekt:detekt-formatting:1.23.8=classpath
io.gitlab.arturbosch.detekt:detekt-gradle-plugin:1.23.8=classpath
jakarta.activation:jakarta.activation-api:1.2.1=classpath
jakarta.xml.bind:jakarta.xml.bind-api:2.3.2=classpath
org.apache.commons:commons-lang3:3.14.0=classpath
org.codehaus.groovy:groovy-bom:3.0.21=classpath
org.codehaus.groovy:groovy:3.0.21=classpath
org.codehaus.woodstox:stax2-api:4.2.1=classpath
org.danilopianini.git-sensitive-semantic-versioning:org.danilopianini.git-sensitive-semantic-versioning.gradle.plugin:7.0.7=classpath
org.danilopianini.gradle-kotlin-qa:org.danilopianini.gradle-kotlin-qa.gradle.plugin:0.99.0=classpath
org.danilopianini:git-sensitive-semantic-versioning-gradle-plugin:7.0.7=classpath
org.danilopianini:gradle-kotlin-qa:0.99.0=classpath
org.ec4j.core:ec4j-core:0.3.0=classpath
org.jetbrains.dokka:dokka-core:2.0.0=classpath
org.jetbrains.dokka:dokka-gradle-plugin:2.0.0=classpath
org.jetbrains.dokka:org.jetbrains.dokka.gradle.plugin:2.0.0=classpath
org.jetbrains.kotlin.jvm:org.jetbrains.kotlin.jvm.gradle.plugin:2.2.21=classpath
org.jetbrains.kotlin:abi-tools-api:2.2.21=classpath
org.jetbrains.kotlin:fus-statistics-gradle-plugin:2.2.21=classpath
org.jetbrains.kotlin:kotlin-build-statistics:2.2.21=classpath
org.jetbrains.kotlin:kotlin-build-tools-api:2.2.21=classpath
org.jetbrains.kotlin:kotlin-compiler-runner:2.2.21=classpath
org.jetbrains.kotlin:kotlin-daemon-client:2.2.21=classpath
org.jetbrains.kotlin:kotlin-gradle-plugin-annotations:2.2.21=classpath
org.jetbrains.kotlin:kotlin-gradle-plugin-api:2.2.21=classpath
org.jetbrains.kotlin:kotlin-gradle-plugin-idea-proto:2.2.21=classpath
org.jetbrains.kotlin:kotlin-gradle-plugin-idea:2.2.21=classpath
org.jetbrains.kotlin:kotlin-gradle-plugin-model:2.2.21=classpath
org.jetbrains.kotlin:kotlin-gradle-plugin:2.2.21=classpath
org.jetbrains.kotlin:kotlin-gradle-plugins-bom:2.2.21=classpath
org.jetbrains.kotlin:kotlin-klib-commonizer-api:2.2.21=classpath
org.jetbrains.kotlin:kotlin-native-utils:2.2.21=classpath
org.jetbrains.kotlin:kotlin-stdlib-common:2.2.0=classpath
org.jetbrains.kotlin:kotlin-stdlib-jdk7:2.2.21=classpath
org.jetbrains.kotlin:kotlin-stdlib-jdk8:2.2.21=classpath
org.jetbrains.kotlin:kotlin-stdlib:2.2.0=classpath
org.jetbrains.kotlin:kotlin-tooling-core:2.2.21=classpath
org.jetbrains.kotlin:kotlin-util-io:2.2.21=classpath
org.jetbrains.kotlin:kotlin-util-klib-metadata:2.2.21=classpath
org.jetbrains.kotlin:kotlin-util-klib:2.2.21=classpath
org.jetbrains.kotlinx:kotlinx-coroutines-bom:1.8.0=classpath
org.jetbrains.kotlinx:kotlinx-coroutines-core-jvm:1.8.0=classpath
org.jetbrains.kotlinx:kotlinx-coroutines-core:1.8.0=classpath
org.jetbrains.kotlinx:kotlinx-serialization-bom:1.6.0=classpath
org.jetbrains.kotlinx:kotlinx-serialization-core-jvm:1.6.0=classpath
org.jetbrains.kotlinx:kotlinx-serialization-core:1.6.0=classpath
org.jetbrains.kotlinx:kotlinx-serialization-json-jvm:1.6.0=classpath
org.jetbrains.kotlinx:kotlinx-serialization-json:1.6.0=classpath
org.jetbrains:annotations:13.0=classpath
org.jlleitschuh.gradle:ktlint-gradle:14.0.1=classpath
org.slf4j:slf4j-api:2.0.3=classpath
empty=
